
Microsoft Visual Studio Solution File, Format Version 12.00
# Visual Studio 15
VisualStudioVersion = 15.0.27428.2027
MinimumVisualStudioVersion = 10.0.40219.1
Project("{8BC9CEB8-8B4A-11D0-8D11-00A0C91BC942}") = "ResourceHandler", "ResourceHandler\ResourceHandler.vcxproj", "{BED7B51D-7499-4F9E-A74F-3D66D316DBAB}"
EndProject
Project("{8BC9CEB8-8B4A-11D0-8D11-00A0C91BC942}") = "ResourceTests", "ResourceTests\ResourceTests.vcxproj", "{D9A31568-7818-4EAF-9966-E19A1DBA9EA7}"
EndProject
Project("{8BC9CEB8-8B4A-11D0-8D11-00A0C91BC942}") = "ResourceArchive", "ResourceArchive\ResourceArchive.vcxproj", "{EB665CD1-EFA4-419B-B6AF-882E5BCDB66E}"
EndProject
Project("{8BC9CEB8-8B4A-11D0-8D11-00A0C91BC942}") = "Profiler", "..\..\Utilities\Utilities\Profiler\Profiler.vcxproj", "{BAE4CF46-4926-4052-A0B5-290947489C07}"
EndProject
Global
	GlobalSection(SolutionConfigurationPlatforms) = preSolution
		Debug|x64 = Debug|x64
		Debug|x86 = Debug|x86
		Release|x64 = Release|x64
		Release|x86 = Release|x86
	EndGlobalSection
	GlobalSection(ProjectConfigurationPlatforms) = postSolution
		{BED7B51D-7499-4F9E-A74F-3D66D316DBAB}.Debug|x64.ActiveCfg = Debug|x64
		{BED7B51D-7499-4F9E-A74F-3D66D316DBAB}.Debug|x64.Build.0 = Debug|x64
		{BED7B51D-7499-4F9E-A74F-3D66D316DBAB}.Debug|x86.ActiveCfg = Debug|Win32
		{BED7B51D-7499-4F9E-A74F-3D66D316DBAB}.Debug|x86.Build.0 = Debug|Win32
		{BED7B51D-7499-4F9E-A74F-3D66D316DBAB}.Release|x64.ActiveCfg = Release|x64
		{BED7B51D-7499-4F9E-A74F-3D66D316DBAB}.Release|x64.Build.0 = Release|x64
		{BED7B51D-7499-4F9E-A74F-3D66D316DBAB}.Release|x86.ActiveCfg = Release|Win32
		{BED7B51D-7499-4F9E-A74F-3D66D316DBAB}.Release|x86.Build.0 = Release|Win32
		{D9A31568-7818-4EAF-9966-E19A1DBA9EA7}.Debug|x64.ActiveCfg = Debug|x64
		{D9A31568-7818-4EAF-9966-E19A1DBA9EA7}.Debug|x64.Build.0 = Debug|x64
		{D9A31568-7818-4EAF-9966-E19A1DBA9EA7}.Debug|x86.ActiveCfg = Debug|Win32
		{D9A31568-7818-4EAF-9966-E19A1DBA9EA7}.Debug|x86.Build.0 = Debug|Win32
		{D9A31568-7818-4EAF-9966-E19A1DBA9EA7}.Release|x64.ActiveCfg = Release|x64
		{D9A31568-7818-4EAF-9966-E19A1DBA9EA7}.Release|x64.Build.0 = Release|x64
		{D9A31568-7818-4EAF-9966-E19A1DBA9EA7}.Release|x86.ActiveCfg = Release|Win32
		{D9A31568-7818-4EAF-9966-E19A1DBA9EA7}.Release|x86.Build.0 = Release|Win32
		{EB665CD1-EFA4-419B-B6AF-882E5BCDB66E}.Debug|x64.ActiveCfg = Debug|x64
		{EB665CD1-EFA4-419B-B6AF-882E5BCDB66E}.Debug|x64.Build.0 = Debug|x64
		{EB665CD1-EFA4-419B-B6AF-882E5BCDB66E}.Debug|x86.ActiveCfg = Debug|Win32
		{EB665CD1-EFA4-419B-B6AF-882E5BCDB66E}.Debug|x86.Build.0 = Debug|Win32
		{EB665CD1-EFA4-419B-B6AF-882E5BCDB66E}.Release|x64.ActiveCfg = Release|x64
		{EB665CD1-EFA4-419B-B6AF-882E5BCDB66E}.Release|x64.Build.0 = Release|x64
		{EB665CD1-EFA4-419B-B6AF-882E5BCDB66E}.Release|x86.ActiveCfg = Release|Win32
		{EB665CD1-EFA4-419B-B6AF-882E5BCDB66E}.Release|x86.Build.0 = Release|Win32
		{BAE4CF46-4926-4052-A0B5-290947489C07}.Debug|x64.ActiveCfg = Debug|x64
		{BAE4CF46-4926-4052-A0B5-290947489C07}.Debug|x64.Build.0 = Debug|x64
		{BAE4CF46-4926-4052-A0B5-290947489C07}.Debug|x86.ActiveCfg = Debug|Win32
		{BAE4CF46-4926-4052-A0B5-290947489C07}.Debug|x86.Build.0 = Debug|Win32
		{BAE4CF46-4926-4052-A0B5-290947489C07}.Release|x64.ActiveCfg = Release|x64
		{BAE4CF46-4926-4052-A0B5-290947489C07}.Release|x64.Build.0 = Release|x64
		{BAE4CF46-4926-4052-A0B5-290947489C07}.Release|x86.ActiveCfg = Release|Win32
		{BAE4CF46-4926-4052-A0B5-290947489C07}.Release|x86.Build.0 = Release|Win32
	EndGlobalSection
	GlobalSection(SolutionProperties) = preSolution
		HideSolutionNode = FALSE
	EndGlobalSection
	GlobalSection(ExtensibilityGlobals) = postSolution
		SolutionGuid = {62B07769-5C23-4131-B544-1BD014FACDC2}
	EndGlobalSection
EndGlobal
